
Microsoft Visual Studio Solution File, Format Version 12.00
# Visual Studio Version 16
VisualStudioVersion = 16.0.30225.117
MinimumVisualStudioVersion = 10.0.40219.1
Project("{FAE04EC0-301F-11D3-BF4B-00C04F79EFBC}") = "hangman", "hangman\hangman.csproj", "{70F50492-B836-491A-BEDF-F064A450F6EC}"
EndProject
Global
	GlobalSection(SolutionConfigurationPlatforms) = preSolution
		Debug|Any CPU = Debug|Any CPU
		Release|Any CPU = Release|Any CPU
	EndGlobalSection
	GlobalSection(ProjectConfigurationPlatforms) = postSolution
		{70F50492-B836-491A-BEDF-F064A450F6EC}.Debug|Any CPU.ActiveCfg = Debug|Any CPU
		{70F50492-B836-491A-BEDF-F064A450F6EC}.Debug|Any CPU.Build.0 = Debug|Any CPU
		{70F50492-B836-491A-BEDF-F064A450F6EC}.Release|Any CPU.ActiveCfg = Release|Any CPU
		{70F50492-B836-491A-BEDF-F064A450F6EC}.Release|Any CPU.Build.0 = Release|Any CPU
	EndGlobalSection
	GlobalSection(SolutionProperties) = preSolution
		HideSolutionNode = FALSE
	EndGlobalSection
	GlobalSection(ExtensibilityGlobals) = postSolution
		SolutionGuid = {92BBF050-51E2-4278-A18E-F273974E4894}
	EndGlobalSection
EndGlobal
